
Microsoft Visual Studio Solution File, Format Version 12.00
# Visual Studio Version 17
VisualStudioVersion = 17.14.37216.2
MinimumVisualStudioVersion = 10.0.40219.1
Project("{FAE04EC0-301F-11D3-BF4B-00C04F79EFBC}") = "TradingJournal", "TradingJournal.csproj", "{F19A86BF-6A55-4DF8-8226-744EBFF1DAB1}"
EndProject
Global
	GlobalSection(SolutionConfigurationPlatforms) = preSolution
		Debug|Any CPU = Debug|Any CPU
		Debug|x64 = Debug|x64
		Release|Any CPU = Release|Any CPU
		Release|x64 = Release|x64
	EndGlobalSection
	GlobalSection(ProjectConfigurationPlatforms) = postSolution
		{F19A86BF-6A55-4DF8-8226-744EBFF1DAB1}.Debug|Any CPU.ActiveCfg = Debug|Any CPU
		{F19A86BF-6A55-4DF8-8226-744EBFF1DAB1}.Debug|Any CPU.Build.0 = Debug|Any CPU
		{F19A86BF-6A55-4DF8-8226-744EBFF1DAB1}.Debug|x64.ActiveCfg = Debug|x64
		{F19A86BF-6A55-4DF8-8226-744EBFF1DAB1}.Debug|x64.Build.0 = Debug|x64
		{F19A86BF-6A55-4DF8-8226-744EBFF1DAB1}.Release|Any CPU.ActiveCfg = Release|Any CPU
		{F19A86BF-6A55-4DF8-8226-744EBFF1DAB1}.Release|Any CPU.Build.0 = Release|Any CPU
		{F19A86BF-6A55-4DF8-8226-744EBFF1DAB1}.Release|x64.ActiveCfg = Release|x64
		{F19A86BF-6A55-4DF8-8226-744EBFF1DAB1}.Release|x64.Build.0 = Release|x64
	EndGlobalSection
	GlobalSection(SolutionProperties) = preSolution
		HideSolutionNode = FALSE
	EndGlobalSection
	GlobalSection(ExtensibilityGlobals) = postSolution
		SolutionGuid = {389168E8-C0DE-4DAF-B92A-9754BEB35A4E}
	EndGlobalSection
EndGlobal
